
Microsoft Visual Studio Solution File, Format Version 12.00
# Visual Studio Version 16
VisualStudioVersion = 16.0.29209.62
MinimumVisualStudioVersion = 10.0.40219.1
Project("{FAE04EC0-301F-11D3-BF4B-00C04F79EFBC}") = "Capstone4", "Capstone4\Capstone4.csproj", "{8E61F2F3-4AE3-4E75-9229-BB5D37080894}"
EndProject
Global
	GlobalSection(SolutionConfigurationPlatforms) = preSolution
		Debug|Any CPU = Debug|Any CPU
		Release|Any CPU = Release|Any CPU
	EndGlobalSection
	GlobalSection(ProjectConfigurationPlatforms) = postSolution
		{8E61F2F3-4AE3-4E75-9229-BB5D37080894}.Debug|Any CPU.ActiveCfg = Debug|Any CPU
		{8E61F2F3-4AE3-4E75-9229-BB5D37080894}.Debug|Any CPU.Build.0 = Debug|Any CPU
		{8E61F2F3-4AE3-4E75-9229-BB5D37080894}.Release|Any CPU.ActiveCfg = Release|Any CPU
		{8E61F2F3-4AE3-4E75-9229-BB5D37080894}.Release|Any CPU.Build.0 = Release|Any CPU
	EndGlobalSection
	GlobalSection(SolutionProperties) = preSolution
		HideSolutionNode = FALSE
	EndGlobalSection
	GlobalSection(ExtensibilityGlobals) = postSolution
		SolutionGuid = {F7C34FAC-49DB-491A-9833-7851B237BA18}
	EndGlobalSection
EndGlobal
